{
    "name": "@affectively/wasm-graph-algorithms",
    "version": "1.0.0",
    "lockfileVersion": 3,
    "requires": true,
    "packages": {
        "": {
            "name": "@affectively/wasm-graph-algorithms",
            "version": "1.0.0",
            "license": "MIT"
        }
    }
}
